// !$*UTF8*$!
{
	archiveVersion = 1;
	classes = {
	};
	objectVersion = 56;
	objects = {

/* Begin PBXBuildFile section */
		6826E6BB2B3328B200C793F3 /* FlickrAppGardenApp.swift in Sources */ = {isa = PBXBuildFile; fileRef = 6826E6BA2B3328B200C793F3 /* FlickrAppGardenApp.swift */; };
		6826E6BF2B3328B300C793F3 /* Assets.xcassets in Resources */ = {isa = PBXBuildFile; fileRef = 6826E6BE2B3328B300C793F3 /* Assets.xcassets */; };
		6826E6C22B3328B300C793F3 /* Preview Assets.xcassets in Resources */ = {isa = PBXBuildFile; fileRef = 6826E6C12B3328B300C793F3 /* Preview Assets.xcassets */; };
		6826E6CC2B3328B300C793F3 /* FlickrAppGardenTests.swift in Sources */ = {isa = PBXBuildFile; fileRef = 6826E6CB2B3328B300C793F3 /* FlickrAppGardenTests.swift */; };
		6826E6D62B3328B300C793F3 /* FlickrAppGardenUITests.swift in Sources */ = {isa = PBXBuildFile; fileRef = 6826E6D52B3328B300C793F3 /* FlickrAppGardenUITests.swift */; };
		6826E6D82B3328B300C793F3 /* FlickrAppGardenUITestsLaunchTests.swift in Sources */ = {isa = PBXBuildFile; fileRef = 6826E6D72B3328B300C793F3 /* FlickrAppGardenUITestsLaunchTests.swift */; };
		6826E6E82B332AD800C793F3 /* PhotoFeedRepository.swift in Sources */ = {isa = PBXBuildFile; fileRef = 6826E6E72B332AD800C793F3 /* PhotoFeedRepository.swift */; };
		6826E6EC2B332BAD00C793F3 /* Photos.swift in Sources */ = {isa = PBXBuildFile; fileRef = 6826E6EB2B332BAD00C793F3 /* Photos.swift */; };
		6826E6EE2B332BB700C793F3 /* Photo.swift in Sources */ = {isa = PBXBuildFile; fileRef = 6826E6ED2B332BB700C793F3 /* Photo.swift */; };
		6826E6F02B332BC300C793F3 /* PhotoMedia.swift in Sources */ = {isa = PBXBuildFile; fileRef = 6826E6EF2B332BC300C793F3 /* PhotoMedia.swift */; };
		6826E6F32B332C8500C793F3 /* SDWebImageSwiftUI in Frameworks */ = {isa = PBXBuildFile; productRef = 6826E6F22B332C8500C793F3 /* SDWebImageSwiftUI */; };
		6826E6F72B332CD300C793F3 /* PhotoFeedView.swift in Sources */ = {isa = PBXBuildFile; fileRef = 6826E6F62B332CD300C793F3 /* PhotoFeedView.swift */; };
		6826E6F92B332CE900C793F3 /* PhotoFeedPresenter.swift in Sources */ = {isa = PBXBuildFile; fileRef = 6826E6F82B332CE900C793F3 /* PhotoFeedPresenter.swift */; };
		6826E6FB2B332CF600C793F3 /* PhotoFeedInteractor.swift in Sources */ = {isa = PBXBuildFile; fileRef = 6826E6FA2B332CF600C793F3 /* PhotoFeedInteractor.swift */; };
		6826E6FD2B332D2900C793F3 /* PhotoFeedViewState.swift in Sources */ = {isa = PBXBuildFile; fileRef = 6826E6FC2B332D2900C793F3 /* PhotoFeedViewState.swift */; };
		6826E6FF2B333D5500C793F3 /* PhotoFeedGridRow.swift in Sources */ = {isa = PBXBuildFile; fileRef = 6826E6FE2B333D5500C793F3 /* PhotoFeedGridRow.swift */; };
		6826E7042B334DAC00C793F3 /* PhotoDetailsView.swift in Sources */ = {isa = PBXBuildFile; fileRef = 6826E7032B334DAC00C793F3 /* PhotoDetailsView.swift */; };
		6826E70B2B3360D200C793F3 /* OrientationDetector.swift in Sources */ = {isa = PBXBuildFile; fileRef = 6826E70A2B3360D200C793F3 /* OrientationDetector.swift */; };
		6826E70D2B336A7600C793F3 /* PhotoDetails.swift in Sources */ = {isa = PBXBuildFile; fileRef = 6826E70C2B336A7600C793F3 /* PhotoDetails.swift */; };
		6826E7112B336BAE00C793F3 /* String+Extension.swift in Sources */ = {isa = PBXBuildFile; fileRef = 6826E7102B336BAE00C793F3 /* String+Extension.swift */; };
		6826E7132B33726800C793F3 /* PhotoDetailsParse.swift in Sources */ = {isa = PBXBuildFile; fileRef = 6826E7122B33726800C793F3 /* PhotoDetailsParse.swift */; };
		684F64832B3459F30035529B /* Localizable.xcstrings in Resources */ = {isa = PBXBuildFile; fileRef = 684F64822B3459F30035529B /* Localizable.xcstrings */; };
		684F648B2B347AF50035529B /* NetworkConstants.swift in Sources */ = {isa = PBXBuildFile; fileRef = 684F648A2B347AF50035529B /* NetworkConstants.swift */; };
		684F648D2B348FC30035529B /* HTTPMethod.swift in Sources */ = {isa = PBXBuildFile; fileRef = 684F648C2B348FC30035529B /* HTTPMethod.swift */; };
		684F648F2B348FD10035529B /* RequestScheme.swift in Sources */ = {isa = PBXBuildFile; fileRef = 684F648E2B348FD10035529B /* RequestScheme.swift */; };
		684F64912B348FDF0035529B /* RequestError.swift in Sources */ = {isa = PBXBuildFile; fileRef = 684F64902B348FDF0035529B /* RequestError.swift */; };
		684F64932B348FF70035529B /* Endpoint.swift in Sources */ = {isa = PBXBuildFile; fileRef = 684F64922B348FF70035529B /* Endpoint.swift */; };
		684F64952B34900B0035529B /* NetworkService.swift in Sources */ = {isa = PBXBuildFile; fileRef = 684F64942B34900B0035529B /* NetworkService.swift */; };
		684F64972B3490D60035529B /* PhotoFeedFactory.swift in Sources */ = {isa = PBXBuildFile; fileRef = 684F64962B3490D60035529B /* PhotoFeedFactory.swift */; };
/* End PBXBuildFile section */

/* Begin PBXContainerItemProxy section */
		6826E6C82B3328B300C793F3 /* PBXContainerItemProxy */ = {
			isa = PBXContainerItemProxy;
			containerPortal = 6826E6AF2B3328B200C793F3 /* Project object */;
			proxyType = 1;
			remoteGlobalIDString = 6826E6B62B3328B200C793F3;
			remoteInfo = FlickrAppGarden;
		};
		6826E6D22B3328B300C793F3 /* PBXContainerItemProxy */ = {
			isa = PBXContainerItemProxy;
			containerPortal = 6826E6AF2B3328B200C793F3 /* Project object */;
			proxyType = 1;
			remoteGlobalIDString = 6826E6B62B3328B200C793F3;
			remoteInfo = FlickrAppGarden;
		};
/* End PBXContainerItemProxy section */

/* Begin PBXFileReference section */
		6826E6B72B3328B200C793F3 /* FlickrAppGarden.app */ = {isa = PBXFileReference; explicitFileType = wrapper.application; includeInIndex = 0; path = FlickrAppGarden.app; sourceTree = BUILT_PRODUCTS_DIR; };
		6826E6BA2B3328B200C793F3 /* FlickrAppGardenApp.swift */ = {isa = PBXFileReference; lastKnownFileType = sourcecode.swift; path = FlickrAppGardenApp.swift; sourceTree = "<group>"; };
		6826E6BE2B3328B300C793F3 /* Assets.xcassets */ = {isa = PBXFileReference; lastKnownFileType = folder.assetcatalog; path = Assets.xcassets; sourceTree = "<group>"; };
		6826E6C12B3328B300C793F3 /* Preview Assets.xcassets */ = {isa = PBXFileReference; lastKnownFileType = folder.assetcatalog; path = "Preview Assets.xcassets"; sourceTree = "<group>"; };
		6826E6C72B3328B300C793F3 /* FlickrAppGardenTests.xctest */ = {isa = PBXFileReference; explicitFileType = wrapper.cfbundle; includeInIndex = 0; path = FlickrAppGardenTests.xctest; sourceTree = BUILT_PRODUCTS_DIR; };
		6826E6CB2B3328B300C793F3 /* FlickrAppGardenTests.swift */ = {isa = PBXFileReference; lastKnownFileType = sourcecode.swift; path = FlickrAppGardenTests.swift; sourceTree = "<group>"; };
		6826E6D12B3328B300C793F3 /* FlickrAppGardenUITests.xctest */ = {isa = PBXFileReference; explicitFileType = wrapper.cfbundle; includeInIndex = 0; path = FlickrAppGardenUITests.xctest; sourceTree = BUILT_PRODUCTS_DIR; };
		6826E6D52B3328B300C793F3 /* FlickrAppGardenUITests.swift */ = {isa = PBXFileReference; lastKnownFileType = sourcecode.swift; path = FlickrAppGardenUITests.swift; sourceTree = "<group>"; };
		6826E6D72B3328B300C793F3 /* FlickrAppGardenUITestsLaunchTests.swift */ = {isa = PBXFileReference; lastKnownFileType = sourcecode.swift; path = FlickrAppGardenUITestsLaunchTests.swift; sourceTree = "<group>"; };
		6826E6E62B33293800C793F3 /* Info.plist */ = {isa = PBXFileReference; lastKnownFileType = text.plist; path = Info.plist; sourceTree = "<group>"; };
		6826E6E72B332AD800C793F3 /* PhotoFeedRepository.swift */ = {isa = PBXFileReference; lastKnownFileType = sourcecode.swift; path = PhotoFeedRepository.swift; sourceTree = "<group>"; };
		6826E6EB2B332BAD00C793F3 /* Photos.swift */ = {isa = PBXFileReference; lastKnownFileType = sourcecode.swift; path = Photos.swift; sourceTree = "<group>"; };
		6826E6ED2B332BB700C793F3 /* Photo.swift */ = {isa = PBXFileReference; lastKnownFileType = sourcecode.swift; path = Photo.swift; sourceTree = "<group>"; };
		6826E6EF2B332BC300C793F3 /* PhotoMedia.swift */ = {isa = PBXFileReference; lastKnownFileType = sourcecode.swift; path = PhotoMedia.swift; sourceTree = "<group>"; };
		6826E6F62B332CD300C793F3 /* PhotoFeedView.swift */ = {isa = PBXFileReference; lastKnownFileType = sourcecode.swift; path = PhotoFeedView.swift; sourceTree = "<group>"; };
		6826E6F82B332CE900C793F3 /* PhotoFeedPresenter.swift */ = {isa = PBXFileReference; lastKnownFileType = sourcecode.swift; path = PhotoFeedPresenter.swift; sourceTree = "<group>"; };
		6826E6FA2B332CF600C793F3 /* PhotoFeedInteractor.swift */ = {isa = PBXFileReference; lastKnownFileType = sourcecode.swift; path = PhotoFeedInteractor.swift; sourceTree = "<group>"; };
		6826E6FC2B332D2900C793F3 /* PhotoFeedViewState.swift */ = {isa = PBXFileReference; lastKnownFileType = sourcecode.swift; path = PhotoFeedViewState.swift; sourceTree = "<group>"; };
		6826E6FE2B333D5500C793F3 /* PhotoFeedGridRow.swift */ = {isa = PBXFileReference; lastKnownFileType = sourcecode.swift; path = PhotoFeedGridRow.swift; sourceTree = "<group>"; };
		6826E7032B334DAC00C793F3 /* PhotoDetailsView.swift */ = {isa = PBXFileReference; lastKnownFileType = sourcecode.swift; path = PhotoDetailsView.swift; sourceTree = "<group>"; };
		6826E70A2B3360D200C793F3 /* OrientationDetector.swift */ = {isa = PBXFileReference; lastKnownFileType = sourcecode.swift; path = OrientationDetector.swift; sourceTree = "<group>"; };
		6826E70C2B336A7600C793F3 /* PhotoDetails.swift */ = {isa = PBXFileReference; lastKnownFileType = sourcecode.swift; path = PhotoDetails.swift; sourceTree = "<group>"; };
		6826E7102B336BAE00C793F3 /* String+Extension.swift */ = {isa = PBXFileReference; lastKnownFileType = sourcecode.swift; path = "String+Extension.swift"; sourceTree = "<group>"; };
		6826E7122B33726800C793F3 /* PhotoDetailsParse.swift */ = {isa = PBXFileReference; lastKnownFileType = sourcecode.swift; path = PhotoDetailsParse.swift; sourceTree = "<group>"; };
		684F64822B3459F30035529B /* Localizable.xcstrings */ = {isa = PBXFileReference; lastKnownFileType = text.json.xcstrings; path = Localizable.xcstrings; sourceTree = "<group>"; };
		684F648A2B347AF50035529B /* NetworkConstants.swift */ = {isa = PBXFileReference; lastKnownFileType = sourcecode.swift; path = NetworkConstants.swift; sourceTree = "<group>"; };
		684F648C2B348FC30035529B /* HTTPMethod.swift */ = {isa = PBXFileReference; lastKnownFileType = sourcecode.swift; path = HTTPMethod.swift; sourceTree = "<group>"; };
		684F648E2B348FD10035529B /* RequestScheme.swift */ = {isa = PBXFileReference; lastKnownFileType = sourcecode.swift; path = RequestScheme.swift; sourceTree = "<group>"; };
		684F64902B348FDF0035529B /* RequestError.swift */ = {isa = PBXFileReference; lastKnownFileType = sourcecode.swift; path = RequestError.swift; sourceTree = "<group>"; };
		684F64922B348FF70035529B /* Endpoint.swift */ = {isa = PBXFileReference; lastKnownFileType = sourcecode.swift; path = Endpoint.swift; sourceTree = "<group>"; };
		684F64942B34900B0035529B /* NetworkService.swift */ = {isa = PBXFileReference; lastKnownFileType = sourcecode.swift; path = NetworkService.swift; sourceTree = "<group>"; };
		684F64962B3490D60035529B /* PhotoFeedFactory.swift */ = {isa = PBXFileReference; lastKnownFileType = sourcecode.swift; path = PhotoFeedFactory.swift; sourceTree = "<group>"; };
/* End PBXFileReference section */

/* Begin PBXFrameworksBuildPhase section */
		6826E6B42B3328B200C793F3 /* Frameworks */ = {
			isa = PBXFrameworksBuildPhase;
			buildActionMask = 2147483647;
			files = (
				6826E6F32B332C8500C793F3 /* SDWebImageSwiftUI in Frameworks */,
			);
			runOnlyForDeploymentPostprocessing = 0;
		};
		6826E6C42B3328B300C793F3 /* Frameworks */ = {
			isa = PBXFrameworksBuildPhase;
			buildActionMask = 2147483647;
			files = (
			);
			runOnlyForDeploymentPostprocessing = 0;
		};
		6826E6CE2B3328B300C793F3 /* Frameworks */ = {
			isa = PBXFrameworksBuildPhase;
			buildActionMask = 2147483647;
			files = (
			);
			runOnlyForDeploymentPostprocessing = 0;
		};
/* End PBXFrameworksBuildPhase section */

/* Begin PBXGroup section */
		6826E6AE2B3328B200C793F3 = {
			isa = PBXGroup;
			children = (
				6826E6B92B3328B200C793F3 /* FlickrAppGarden */,
				6826E6CA2B3328B300C793F3 /* FlickrAppGardenTests */,
				6826E6D42B3328B300C793F3 /* FlickrAppGardenUITests */,
				6826E6B82B3328B200C793F3 /* Products */,
			);
			sourceTree = "<group>";
		};
		6826E6B82B3328B200C793F3 /* Products */ = {
			isa = PBXGroup;
			children = (
				6826E6B72B3328B200C793F3 /* FlickrAppGarden.app */,
				6826E6C72B3328B300C793F3 /* FlickrAppGardenTests.xctest */,
				6826E6D12B3328B300C793F3 /* FlickrAppGardenUITests.xctest */,
			);
			name = Products;
			sourceTree = "<group>";
		};
		6826E6B92B3328B200C793F3 /* FlickrAppGarden */ = {
			isa = PBXGroup;
			children = (
				6826E6BA2B3328B200C793F3 /* FlickrAppGardenApp.swift */,
				6826E6E62B33293800C793F3 /* Info.plist */,
				6826E70E2B336AC000C793F3 /* Commons */,
				6826E6EA2B332B9D00C793F3 /* Models */,
				6826E6E92B332ADB00C793F3 /* Network */,
				6826E6C02B3328B300C793F3 /* Preview Content */,
				684F64812B3459B30035529B /* Resources */,
				6826E6F42B332C9700C793F3 /* Scenes */,
			);
			path = FlickrAppGarden;
			sourceTree = "<group>";
		};
		6826E6C02B3328B300C793F3 /* Preview Content */ = {
			isa = PBXGroup;
			children = (
				6826E6C12B3328B300C793F3 /* Preview Assets.xcassets */,
			);
			path = "Preview Content";
			sourceTree = "<group>";
		};
		6826E6CA2B3328B300C793F3 /* FlickrAppGardenTests */ = {
			isa = PBXGroup;
			children = (
				6826E6CB2B3328B300C793F3 /* FlickrAppGardenTests.swift */,
			);
			path = FlickrAppGardenTests;
			sourceTree = "<group>";
		};
		6826E6D42B3328B300C793F3 /* FlickrAppGardenUITests */ = {
			isa = PBXGroup;
			children = (
				6826E6D52B3328B300C793F3 /* FlickrAppGardenUITests.swift */,
				6826E6D72B3328B300C793F3 /* FlickrAppGardenUITestsLaunchTests.swift */,
			);
			path = FlickrAppGardenUITests;
			sourceTree = "<group>";
		};
		6826E6E92B332ADB00C793F3 /* Network */ = {
			isa = PBXGroup;
			children = (
				684F64922B348FF70035529B /* Endpoint.swift */,
				684F648C2B348FC30035529B /* HTTPMethod.swift */,
				684F648A2B347AF50035529B /* NetworkConstants.swift */,
				684F64942B34900B0035529B /* NetworkService.swift */,
				684F64902B348FDF0035529B /* RequestError.swift */,
				684F648E2B348FD10035529B /* RequestScheme.swift */,
			);
			path = Network;
			sourceTree = "<group>";
		};
		6826E6EA2B332B9D00C793F3 /* Models */ = {
			isa = PBXGroup;
			children = (
				6826E6ED2B332BB700C793F3 /* Photo.swift */,
				6826E70C2B336A7600C793F3 /* PhotoDetails.swift */,
				6826E6EF2B332BC300C793F3 /* PhotoMedia.swift */,
				6826E6EB2B332BAD00C793F3 /* Photos.swift */,
			);
			path = Models;
			sourceTree = "<group>";
		};
		6826E6F42B332C9700C793F3 /* Scenes */ = {
			isa = PBXGroup;
			children = (
				6826E7002B334D7D00C793F3 /* PhotoDetails */,
				6826E6F52B332C9B00C793F3 /* PhotoFeed */,
			);
			path = Scenes;
			sourceTree = "<group>";
		};
		6826E6F52B332C9B00C793F3 /* PhotoFeed */ = {
			isa = PBXGroup;
			children = (
				6826E6FE2B333D5500C793F3 /* PhotoFeedGridRow.swift */,
				6826E6FA2B332CF600C793F3 /* PhotoFeedInteractor.swift */,
				6826E6F82B332CE900C793F3 /* PhotoFeedPresenter.swift */,
				6826E6E72B332AD800C793F3 /* PhotoFeedRepository.swift */,
				6826E6F62B332CD300C793F3 /* PhotoFeedView.swift */,
				6826E6FC2B332D2900C793F3 /* PhotoFeedViewState.swift */,
				684F64962B3490D60035529B /* PhotoFeedFactory.swift */,
			);
			path = PhotoFeed;
			sourceTree = "<group>";
		};
		6826E7002B334D7D00C793F3 /* PhotoDetails */ = {
			isa = PBXGroup;
			children = (
				6826E7122B33726800C793F3 /* PhotoDetailsParse.swift */,
				6826E7032B334DAC00C793F3 /* PhotoDetailsView.swift */,
			);
			path = PhotoDetails;
			sourceTree = "<group>";
		};
		6826E7092B3360C500C793F3 /* ViewModifiers */ = {
			isa = PBXGroup;
			children = (
				6826E70A2B3360D200C793F3 /* OrientationDetector.swift */,
			);
			path = ViewModifiers;
			sourceTree = "<group>";
		};
		6826E70E2B336AC000C793F3 /* Commons */ = {
			isa = PBXGroup;
			children = (
				6826E70F2B336B9E00C793F3 /* Extensions */,
				6826E7092B3360C500C793F3 /* ViewModifiers */,
			);
			path = Commons;
			sourceTree = "<group>";
		};
		6826E70F2B336B9E00C793F3 /* Extensions */ = {
			isa = PBXGroup;
			children = (
				6826E7102B336BAE00C793F3 /* String+Extension.swift */,
			);
			path = Extensions;
			sourceTree = "<group>";
		};
		684F64812B3459B30035529B /* Resources */ = {
			isa = PBXGroup;
			children = (
				6826E6BE2B3328B300C793F3 /* Assets.xcassets */,
				684F64842B3464180035529B /* Strings */,
			);
			path = Resources;
			sourceTree = "<group>";
		};
		684F64842B3464180035529B /* Strings */ = {
			isa = PBXGroup;
			children = (
				684F64822B3459F30035529B /* Localizable.xcstrings */,
			);
			path = Strings;
			sourceTree = "<group>";
		};
/* End PBXGroup section */

/* Begin PBXNativeTarget section */
		6826E6B62B3328B200C793F3 /* FlickrAppGarden */ = {
			isa = PBXNativeTarget;
			buildConfigurationList = 6826E6DB2B3328B300C793F3 /* Build configuration list for PBXNativeTarget "FlickrAppGarden" */;
			buildPhases = (
				6826E6B32B3328B200C793F3 /* Sources */,
				6826E6B42B3328B200C793F3 /* Frameworks */,
				6826E6B52B3328B200C793F3 /* Resources */,
			);
			buildRules = (
			);
			dependencies = (
			);
			name = FlickrAppGarden;
			packageProductDependencies = (
				6826E6F22B332C8500C793F3 /* SDWebImageSwiftUI */,
			);
			productName = FlickrAppGarden;
			productReference = 6826E6B72B3328B200C793F3 /* FlickrAppGarden.app */;
			productType = "com.apple.product-type.application";
		};
		6826E6C62B3328B300C793F3 /* FlickrAppGardenTests */ = {
			isa = PBXNativeTarget;
			buildConfigurationList = 6826E6DE2B3328B300C793F3 /* Build configuration list for PBXNativeTarget "FlickrAppGardenTests" */;
			buildPhases = (
				6826E6C32B3328B300C793F3 /* Sources */,
				6826E6C42B3328B300C793F3 /* Frameworks */,
				6826E6C52B3328B300C793F3 /* Resources */,
			);
			buildRules = (
			);
			dependencies = (
				6826E6C92B3328B300C793F3 /* PBXTargetDependency */,
			);
			name = FlickrAppGardenTests;
			productName = FlickrAppGardenTests;
			productReference = 6826E6C72B3328B300C793F3 /* FlickrAppGardenTests.xctest */;
			productType = "com.apple.product-type.bundle.unit-test";
		};
		6826E6D02B3328B300C793F3 /* FlickrAppGardenUITests */ = {
			isa = PBXNativeTarget;
			buildConfigurationList = 6826E6E12B3328B300C793F3 /* Build configuration list for PBXNativeTarget "FlickrAppGardenUITests" */;
			buildPhases = (
				6826E6CD2B3328B300C793F3 /* Sources */,
				6826E6CE2B3328B300C793F3 /* Frameworks */,
				6826E6CF2B3328B300C793F3 /* Resources */,
			);
			buildRules = (
			);
			dependencies = (
				6826E6D32B3328B300C793F3 /* PBXTargetDependency */,
			);
			name = FlickrAppGardenUITests;
			productName = FlickrAppGardenUITests;
			productReference = 6826E6D12B3328B300C793F3 /* FlickrAppGardenUITests.xctest */;
			productType = "com.apple.product-type.bundle.ui-testing";
		};
/* End PBXNativeTarget section */

/* Begin PBXProject section */
		6826E6AF2B3328B200C793F3 /* Project object */ = {
			isa = PBXProject;
			attributes = {
				BuildIndependentTargetsInParallel = 1;
				LastSwiftUpdateCheck = 1510;
				LastUpgradeCheck = 1510;
				TargetAttributes = {
					6826E6B62B3328B200C793F3 = {
						CreatedOnToolsVersion = 15.1;
					};
					6826E6C62B3328B300C793F3 = {
						CreatedOnToolsVersion = 15.1;
						TestTargetID = 6826E6B62B3328B200C793F3;
					};
					6826E6D02B3328B300C793F3 = {
						CreatedOnToolsVersion = 15.1;
						TestTargetID = 6826E6B62B3328B200C793F3;
					};
				};
			};
			buildConfigurationList = 6826E6B22B3328B200C793F3 /* Build configuration list for PBXProject "FlickrAppGarden" */;
			compatibilityVersion = "Xcode 14.0";
			developmentRegion = en;
			hasScannedForEncodings = 0;
			knownRegions = (
				en,
				Base,
				"pt-BR",
			);
			mainGroup = 6826E6AE2B3328B200C793F3;
			packageReferences = (
				6826E6F12B332C8500C793F3 /* XCRemoteSwiftPackageReference "SDWebImageSwiftUI" */,
			);
			productRefGroup = 6826E6B82B3328B200C793F3 /* Products */;
			projectDirPath = "";
			projectRoot = "";
			targets = (
				6826E6B62B3328B200C793F3 /* FlickrAppGarden */,
				6826E6C62B3328B300C793F3 /* FlickrAppGardenTests */,
				6826E6D02B3328B300C793F3 /* FlickrAppGardenUITests */,
			);
		};
/* End PBXProject section */

/* Begin PBXResourcesBuildPhase section */
		6826E6B52B3328B200C793F3 /* Resources */ = {
			isa = PBXResourcesBuildPhase;
			buildActionMask = 2147483647;
			files = (
				6826E6C22B3328B300C793F3 /* Preview Assets.xcassets in Resources */,
				6826E6BF2B3328B300C793F3 /* Assets.xcassets in Resources */,
				684F64832B3459F30035529B /* Localizable.xcstrings in Resources */,
			);
			runOnlyForDeploymentPostprocessing = 0;
		};
		6826E6C52B3328B300C793F3 /* Resources */ = {
			isa = PBXResourcesBuildPhase;
			buildActionMask = 2147483647;
			files = (
			);
			runOnlyForDeploymentPostprocessing = 0;
		};
		6826E6CF2B3328B300C793F3 /* Resources */ = {
			isa = PBXResourcesBuildPhase;
			buildActionMask = 2147483647;
			files = (
			);
			runOnlyForDeploymentPostprocessing = 0;
		};
/* End PBXResourcesBuildPhase section */

/* Begin PBXSourcesBuildPhase section */
		6826E6B32B3328B200C793F3 /* Sources */ = {
			isa = PBXSourcesBuildPhase;
			buildActionMask = 2147483647;
			files = (
				684F64952B34900B0035529B /* NetworkService.swift in Sources */,
				684F648B2B347AF50035529B /* NetworkConstants.swift in Sources */,
				6826E6EC2B332BAD00C793F3 /* Photos.swift in Sources */,
				6826E6FD2B332D2900C793F3 /* PhotoFeedViewState.swift in Sources */,
				6826E6F92B332CE900C793F3 /* PhotoFeedPresenter.swift in Sources */,
				6826E7132B33726800C793F3 /* PhotoDetailsParse.swift in Sources */,
				6826E6FF2B333D5500C793F3 /* PhotoFeedGridRow.swift in Sources */,
				684F64932B348FF70035529B /* Endpoint.swift in Sources */,
				6826E6FB2B332CF600C793F3 /* PhotoFeedInteractor.swift in Sources */,
				6826E6F02B332BC300C793F3 /* PhotoMedia.swift in Sources */,
				6826E70D2B336A7600C793F3 /* PhotoDetails.swift in Sources */,
				6826E6F72B332CD300C793F3 /* PhotoFeedView.swift in Sources */,
				6826E7042B334DAC00C793F3 /* PhotoDetailsView.swift in Sources */,
				6826E6E82B332AD800C793F3 /* PhotoFeedRepository.swift in Sources */,
				6826E6BB2B3328B200C793F3 /* FlickrAppGardenApp.swift in Sources */,
				684F648D2B348FC30035529B /* HTTPMethod.swift in Sources */,
				6826E7112B336BAE00C793F3 /* String+Extension.swift in Sources */,
				684F64912B348FDF0035529B /* RequestError.swift in Sources */,
				6826E70B2B3360D200C793F3 /* OrientationDetector.swift in Sources */,
				684F648F2B348FD10035529B /* RequestScheme.swift in Sources */,
				6826E6EE2B332BB700C793F3 /* Photo.swift in Sources */,
				684F64972B3490D60035529B /* PhotoFeedFactory.swift in Sources */,
			);
			runOnlyForDeploymentPostprocessing = 0;
		};
		6826E6C32B3328B300C793F3 /* Sources */ = {
			isa = PBXSourcesBuildPhase;
			buildActionMask = 2147483647;
			files = (
				6826E6CC2B3328B300C793F3 /* FlickrAppGardenTests.swift in Sources */,
			);
			runOnlyForDeploymentPostprocessing = 0;
		};
		6826E6CD2B3328B300C793F3 /* Sources */ = {
			isa = PBXSourcesBuildPhase;
			buildActionMask = 2147483647;
			files = (
				6826E6D82B3328B300C793F3 /* FlickrAppGardenUITestsLaunchTests.swift in Sources */,
				6826E6D62B3328B300C793F3 /* FlickrAppGardenUITests.swift in Sources */,
			);
			runOnlyForDeploymentPostprocessing = 0;
		};
/* End PBXSourcesBuildPhase section */

/* Begin PBXTargetDependency section */
		6826E6C92B3328B300C793F3 /* PBXTargetDependency */ = {
			isa = PBXTargetDependency;
			target = 6826E6B62B3328B200C793F3 /* FlickrAppGarden */;
			targetProxy = 6826E6C82B3328B300C793F3 /* PBXContainerItemProxy */;
		};
		6826E6D32B3328B300C793F3 /* PBXTargetDependency */ = {
			isa = PBXTargetDependency;
			target = 6826E6B62B3328B200C793F3 /* FlickrAppGarden */;
			targetProxy = 6826E6D22B3328B300C793F3 /* PBXContainerItemProxy */;
		};
/* End PBXTargetDependency section */

/* Begin XCBuildConfiguration section */
		6826E6D92B3328B300C793F3 /* Debug */ = {
			isa = XCBuildConfiguration;
			buildSettings = {
				ALWAYS_SEARCH_USER_PATHS = NO;
				ASSETCATALOG_COMPILER_GENERATE_SWIFT_ASSET_SYMBOL_EXTENSIONS = YES;
				CLANG_ANALYZER_NONNULL = YES;
				CLANG_ANALYZER_NUMBER_OBJECT_CONVERSION = YES_AGGRESSIVE;
				CLANG_CXX_LANGUAGE_STANDARD = "gnu++20";
				CLANG_ENABLE_MODULES = YES;
				CLANG_ENABLE_OBJC_ARC = YES;
				CLANG_ENABLE_OBJC_WEAK = YES;
				CLANG_WARN_BLOCK_CAPTURE_AUTORELEASING = YES;
				CLANG_WARN_BOOL_CONVERSION = YES;
				CLANG_WARN_COMMA = YES;
				CLANG_WARN_CONSTANT_CONVERSION = YES;
				CLANG_WARN_DEPRECATED_OBJC_IMPLEMENTATIONS = YES;
				CLANG_WARN_DIRECT_OBJC_ISA_USAGE = YES_ERROR;
				CLANG_WARN_DOCUMENTATION_COMMENTS = YES;
				CLANG_WARN_EMPTY_BODY = YES;
				CLANG_WARN_ENUM_CONVERSION = YES;
				CLANG_WARN_INFINITE_RECURSION = YES;
				CLANG_WARN_INT_CONVERSION = YES;
				CLANG_WARN_NON_LITERAL_NULL_CONVERSION = YES;
				CLANG_WARN_OBJC_IMPLICIT_RETAIN_SELF = YES;
				CLANG_WARN_OBJC_LITERAL_CONVERSION = YES;
				CLANG_WARN_OBJC_ROOT_CLASS = YES_ERROR;
				CLANG_WARN_QUOTED_INCLUDE_IN_FRAMEWORK_HEADER = YES;
				CLANG_WARN_RANGE_LOOP_ANALYSIS = YES;
				CLANG_WARN_STRICT_PROTOTYPES = YES;
				CLANG_WARN_SUSPICIOUS_MOVE = YES;
				CLANG_WARN_UNGUARDED_AVAILABILITY = YES_AGGRESSIVE;
				CLANG_WARN_UNREACHABLE_CODE = YES;
				CLANG_WARN__DUPLICATE_METHOD_MATCH = YES;
				COPY_PHASE_STRIP = NO;
				DEBUG_INFORMATION_FORMAT = dwarf;
				ENABLE_STRICT_OBJC_MSGSEND = YES;
				ENABLE_TESTABILITY = YES;
				ENABLE_USER_SCRIPT_SANDBOXING = YES;
				GCC_C_LANGUAGE_STANDARD = gnu17;
				GCC_DYNAMIC_NO_PIC = NO;
				GCC_NO_COMMON_BLOCKS = YES;
				GCC_OPTIMIZATION_LEVEL = 0;
				GCC_PREPROCESSOR_DEFINITIONS = (
					"DEBUG=1",
					"$(inherited)",
				);
				GCC_WARN_64_TO_32_BIT_CONVERSION = YES;
				GCC_WARN_ABOUT_RETURN_TYPE = YES_ERROR;
				GCC_WARN_UNDECLARED_SELECTOR = YES;
				GCC_WARN_UNINITIALIZED_AUTOS = YES_AGGRESSIVE;
				GCC_WARN_UNUSED_FUNCTION = YES;
				GCC_WARN_UNUSED_VARIABLE = YES;
				IPHONEOS_DEPLOYMENT_TARGET = 17.2;
				LOCALIZATION_PREFERS_STRING_CATALOGS = YES;
				MTL_ENABLE_DEBUG_INFO = INCLUDE_SOURCE;
				MTL_FAST_MATH = YES;
				ONLY_ACTIVE_ARCH = YES;
				SDKROOT = iphoneos;
				SWIFT_ACTIVE_COMPILATION_CONDITIONS = "DEBUG $(inherited)";
				SWIFT_OPTIMIZATION_LEVEL = "-Onone";
			};
			name = Debug;
		};
		6826E6DA2B3328B300C793F3 /* Release */ = {
			isa = XCBuildConfiguration;
			buildSettings = {
				ALWAYS_SEARCH_USER_PATHS = NO;
				ASSETCATALOG_COMPILER_GENERATE_SWIFT_ASSET_SYMBOL_EXTENSIONS = YES;
				CLANG_ANALYZER_NONNULL = YES;
				CLANG_ANALYZER_NUMBER_OBJECT_CONVERSION = YES_AGGRESSIVE;
				CLANG_CXX_LANGUAGE_STANDARD = "gnu++20";
				CLANG_ENABLE_MODULES = YES;
				CLANG_ENABLE_OBJC_ARC = YES;
				CLANG_ENABLE_OBJC_WEAK = YES;
				CLANG_WARN_BLOCK_CAPTURE_AUTORELEASING = YES;
				CLANG_WARN_BOOL_CONVERSION = YES;
				CLANG_WARN_COMMA = YES;
				CLANG_WARN_CONSTANT_CONVERSION = YES;
				CLANG_WARN_DEPRECATED_OBJC_IMPLEMENTATIONS = YES;
				CLANG_WARN_DIRECT_OBJC_ISA_USAGE = YES_ERROR;
				CLANG_WARN_DOCUMENTATION_COMMENTS = YES;
				CLANG_WARN_EMPTY_BODY = YES;
				CLANG_WARN_ENUM_CONVERSION = YES;
				CLANG_WARN_INFINITE_RECURSION = YES;
				CLANG_WARN_INT_CONVERSION = YES;
				CLANG_WARN_NON_LITERAL_NULL_CONVERSION = YES;
				CLANG_WARN_OBJC_IMPLICIT_RETAIN_SELF = YES;
				CLANG_WARN_OBJC_LITERAL_CONVERSION = YES;
				CLANG_WARN_OBJC_ROOT_CLASS = YES_ERROR;
				CLANG_WARN_QUOTED_INCLUDE_IN_FRAMEWORK_HEADER = YES;
				CLANG_WARN_RANGE_LOOP_ANALYSIS = YES;
				CLANG_WARN_STRICT_PROTOTYPES = YES;
				CLANG_WARN_SUSPICIOUS_MOVE = YES;
				CLANG_WARN_UNGUARDED_AVAILABILITY = YES_AGGRESSIVE;
				CLANG_WARN_UNREACHABLE_CODE = YES;
				CLANG_WARN__DUPLICATE_METHOD_MATCH = YES;
				COPY_PHASE_STRIP = NO;
				DEBUG_INFORMATION_FORMAT = "dwarf-with-dsym";
				ENABLE_NS_ASSERTIONS = NO;
				ENABLE_STRICT_OBJC_MSGSEND = YES;
				ENABLE_USER_SCRIPT_SANDBOXING = YES;
				GCC_C_LANGUAGE_STANDARD = gnu17;
				GCC_NO_COMMON_BLOCKS = YES;
				GCC_WARN_64_TO_32_BIT_CONVERSION = YES;
				GCC_WARN_ABOUT_RETURN_TYPE = YES_ERROR;
				GCC_WARN_UNDECLARED_SELECTOR = YES;
				GCC_WARN_UNINITIALIZED_AUTOS = YES_AGGRESSIVE;
				GCC_WARN_UNUSED_FUNCTION = YES;
				GCC_WARN_UNUSED_VARIABLE = YES;
				IPHONEOS_DEPLOYMENT_TARGET = 17.2;
				LOCALIZATION_PREFERS_STRING_CATALOGS = YES;
				MTL_ENABLE_DEBUG_INFO = NO;
				MTL_FAST_MATH = YES;
				SDKROOT = iphoneos;
				SWIFT_COMPILATION_MODE = wholemodule;
				VALIDATE_PRODUCT = YES;
			};
			name = Release;
		};
		6826E6DC2B3328B300C793F3 /* Debug */ = {
			isa = XCBuildConfiguration;
			buildSettings = {
				ASSETCATALOG_COMPILER_APPICON_NAME = AppIcon;
				ASSETCATALOG_COMPILER_GLOBAL_ACCENT_COLOR_NAME = AccentColor;
				CODE_SIGN_STYLE = Automatic;
				CURRENT_PROJECT_VERSION = 1;
				DEVELOPMENT_ASSET_PATHS = "\"FlickrAppGarden/Preview Content\"";
				DEVELOPMENT_TEAM = 6VXHA52A65;
				ENABLE_PREVIEWS = YES;
				GENERATE_INFOPLIST_FILE = YES;
				INFOPLIST_FILE = FlickrAppGarden/Info.plist;
				INFOPLIST_KEY_UIApplicationSceneManifest_Generation = YES;
				INFOPLIST_KEY_UIApplicationSupportsIndirectInputEvents = YES;
				INFOPLIST_KEY_UILaunchScreen_Generation = YES;
				INFOPLIST_KEY_UISupportedInterfaceOrientations_iPad = "UIInterfaceOrientationPortrait UIInterfaceOrientationPortraitUpsideDown UIInterfaceOrientationLandscapeLeft UIInterfaceOrientationLandscapeRight";
				INFOPLIST_KEY_UISupportedInterfaceOrientations_iPhone = "UIInterfaceOrientationPortrait UIInterfaceOrientationLandscapeLeft UIInterfaceOrientationLandscapeRight";
				IPHONEOS_DEPLOYMENT_TARGET = 16.6;
				LD_RUNPATH_SEARCH_PATHS = (
					"$(inherited)",
					"@executable_path/Frameworks",
				);
				MARKETING_VERSION = 1.0;
				PRODUCT_BUNDLE_IDENTIFIER = com.raphael.thoughtworks.FlickrAppGarden;
				PRODUCT_NAME = "$(TARGET_NAME)";
				SUPPORTED_PLATFORMS = "iphoneos iphonesimulator";
				SUPPORTS_MACCATALYST = NO;
				SUPPORTS_MAC_DESIGNED_FOR_IPHONE_IPAD = NO;
				SWIFT_EMIT_LOC_STRINGS = YES;
				SWIFT_VERSION = 5.0;
				TARGETED_DEVICE_FAMILY = "1,2";
			};
			name = Debug;
		};
		6826E6DD2B3328B300C793F3 /* Release */ = {
			isa = XCBuildConfiguration;
			buildSettings = {
				ASSETCATALOG_COMPILER_APPICON_NAME = AppIcon;
				ASSETCATALOG_COMPILER_GLOBAL_ACCENT_COLOR_NAME = AccentColor;
				CODE_SIGN_STYLE = Automatic;
				CURRENT_PROJECT_VERSION = 1;
				DEVELOPMENT_ASSET_PATHS = "\"FlickrAppGarden/Preview Content\"";
				DEVELOPMENT_TEAM = 6VXHA52A65;
				ENABLE_PREVIEWS = YES;
				GENERATE_INFOPLIST_FILE = YES;
				INFOPLIST_FILE = FlickrAppGarden/Info.plist;
				INFOPLIST_KEY_UIApplicationSceneManifest_Generation = YES;
				INFOPLIST_KEY_UIApplicationSupportsIndirectInputEvents = YES;
				INFOPLIST_KEY_UILaunchScreen_Generation = YES;
				INFOPLIST_KEY_UISupportedInterfaceOrientations_iPad = "UIInterfaceOrientationPortrait UIInterfaceOrientationPortraitUpsideDown UIInterfaceOrientationLandscapeLeft UIInterfaceOrientationLandscapeRight";
				INFOPLIST_KEY_UISupportedInterfaceOrientations_iPhone = "UIInterfaceOrientationPortrait UIInterfaceOrientationLandscapeLeft UIInterfaceOrientationLandscapeRight";
				IPHONEOS_DEPLOYMENT_TARGET = 16.6;
				LD_RUNPATH_SEARCH_PATHS = (
					"$(inherited)",
					"@executable_path/Frameworks",
				);
				MARKETING_VERSION = 1.0;
				PRODUCT_BUNDLE_IDENTIFIER = com.raphael.thoughtworks.FlickrAppGarden;
				PRODUCT_NAME = "$(TARGET_NAME)";
				SUPPORTED_PLATFORMS = "iphoneos iphonesimulator";
				SUPPORTS_MACCATALYST = NO;
				SUPPORTS_MAC_DESIGNED_FOR_IPHONE_IPAD = NO;
				SWIFT_EMIT_LOC_STRINGS = YES;
				SWIFT_VERSION = 5.0;
				TARGETED_DEVICE_FAMILY = "1,2";
			};
			name = Release;
		};
		6826E6DF2B3328B300C793F3 /* Debug */ = {
			isa = XCBuildConfiguration;
			buildSettings = {
				ALWAYS_EMBED_SWIFT_STANDARD_LIBRARIES = YES;
				BUNDLE_LOADER = "$(TEST_HOST)";
				CODE_SIGN_STYLE = Automatic;
				CURRENT_PROJECT_VERSION = 1;
				DEVELOPMENT_TEAM = 6VXHA52A65;
				GENERATE_INFOPLIST_FILE = YES;
				IPHONEOS_DEPLOYMENT_TARGET = 17.2;
				MARKETING_VERSION = 1.0;
				PRODUCT_BUNDLE_IDENTIFIER = com.raphael.thoughtworks.FlickrAppGardenTests;
				PRODUCT_NAME = "$(TARGET_NAME)";
				SWIFT_EMIT_LOC_STRINGS = NO;
				SWIFT_VERSION = 5.0;
				TARGETED_DEVICE_FAMILY = "1,2";
				TEST_HOST = "$(BUILT_PRODUCTS_DIR)/FlickrAppGarden.app/$(BUNDLE_EXECUTABLE_FOLDER_PATH)/FlickrAppGarden";
			};
			name = Debug;
		};
		6826E6E02B3328B300C793F3 /* Release */ = {
			isa = XCBuildConfiguration;
			buildSettings = {
				ALWAYS_EMBED_SWIFT_STANDARD_LIBRARIES = YES;
				BUNDLE_LOADER = "$(TEST_HOST)";
				CODE_SIGN_STYLE = Automatic;
				CURRENT_PROJECT_VERSION = 1;
				DEVELOPMENT_TEAM = 6VXHA52A65;
				GENERATE_INFOPLIST_FILE = YES;
				IPHONEOS_DEPLOYMENT_TARGET = 17.2;
				MARKETING_VERSION = 1.0;
				PRODUCT_BUNDLE_IDENTIFIER = com.raphael.thoughtworks.FlickrAppGardenTests;
				PRODUCT_NAME = "$(TARGET_NAME)";
				SWIFT_EMIT_LOC_STRINGS = NO;
				SWIFT_VERSION = 5.0;
				TARGETED_DEVICE_FAMILY = "1,2";
				TEST_HOST = "$(BUILT_PRODUCTS_DIR)/FlickrAppGarden.app/$(BUNDLE_EXECUTABLE_FOLDER_PATH)/FlickrAppGarden";
			};
			name = Release;
		};
		6826E6E22B3328B300C793F3 /* Debug */ = {
			isa = XCBuildConfiguration;
			buildSettings = {
				ALWAYS_EMBED_SWIFT_STANDARD_LIBRARIES = YES;
				CODE_SIGN_STYLE = Automatic;
				CURRENT_PROJECT_VERSION = 1;
				DEVELOPMENT_TEAM = 6VXHA52A65;
				GENERATE_INFOPLIST_FILE = YES;
				MARKETING_VERSION = 1.0;
				PRODUCT_BUNDLE_IDENTIFIER = com.raphael.thoughtworks.FlickrAppGardenUITests;
				PRODUCT_NAME = "$(TARGET_NAME)";
				SWIFT_EMIT_LOC_STRINGS = NO;
				SWIFT_VERSION = 5.0;
				TARGETED_DEVICE_FAMILY = "1,2";
				TEST_TARGET_NAME = FlickrAppGarden;
			};
			name = Debug;
		};
		6826E6E32B3328B300C793F3 /* Release */ = {
			isa = XCBuildConfiguration;
			buildSettings = {
				ALWAYS_EMBED_SWIFT_STANDARD_LIBRARIES = YES;
				CODE_SIGN_STYLE = Automatic;
				CURRENT_PROJECT_VERSION = 1;
				DEVELOPMENT_TEAM = 6VXHA52A65;
				GENERATE_INFOPLIST_FILE = YES;
				MARKETING_VERSION = 1.0;
				PRODUCT_BUNDLE_IDENTIFIER = com.raphael.thoughtworks.FlickrAppGardenUITests;
				PRODUCT_NAME = "$(TARGET_NAME)";
				SWIFT_EMIT_LOC_STRINGS = NO;
				SWIFT_VERSION = 5.0;
				TARGETED_DEVICE_FAMILY = "1,2";
				TEST_TARGET_NAME = FlickrAppGarden;
			};
			name = Release;
		};
/* End XCBuildConfiguration section */

/* Begin XCConfigurationList section */
		6826E6B22B3328B200C793F3 /* Build configuration list for PBXProject "FlickrAppGarden" */ = {
			isa = XCConfigurationList;
			buildConfigurations = (
				6826E6D92B3328B300C793F3 /* Debug */,
				6826E6DA2B3328B300C793F3 /* Release */,
			);
			defaultConfigurationIsVisible = 0;
			defaultConfigurationName = Release;
		};
		6826E6DB2B3328B300C793F3 /* Build configuration list for PBXNativeTarget "FlickrAppGarden" */ = {
			isa = XCConfigurationList;
			buildConfigurations = (
				6826E6DC2B3328B300C793F3 /* Debug */,
				6826E6DD2B3328B300C793F3 /* Release */,
			);
			defaultConfigurationIsVisible = 0;
			defaultConfigurationName = Release;
		};
		6826E6DE2B3328B300C793F3 /* Build configuration list for PBXNativeTarget "FlickrAppGardenTests" */ = {
			isa = XCConfigurationList;
			buildConfigurations = (
				6826E6DF2B3328B300C793F3 /* Debug */,
				6826E6E02B3328B300C793F3 /* Release */,
			);
			defaultConfigurationIsVisible = 0;
			defaultConfigurationName = Release;
		};
		6826E6E12B3328B300C793F3 /* Build configuration list for PBXNativeTarget "FlickrAppGardenUITests" */ = {
			isa = XCConfigurationList;
			buildConfigurations = (
				6826E6E22B3328B300C793F3 /* Debug */,
				6826E6E32B3328B300C793F3 /* Release */,
			);
			defaultConfigurationIsVisible = 0;
			defaultConfigurationName = Release;
		};
/* End XCConfigurationList section */

/* Begin XCRemoteSwiftPackageReference section */
		6826E6F12B332C8500C793F3 /* XCRemoteSwiftPackageReference "SDWebImageSwiftUI" */ = {
			isa = XCRemoteSwiftPackageReference;
			repositoryURL = "https://github.com/SDWebImage/SDWebImageSwiftUI.git";
			requirement = {
				kind = upToNextMajorVersion;
				minimumVersion = 2.2.6;
			};
		};
/* End XCRemoteSwiftPackageReference section */

/* Begin XCSwiftPackageProductDependency section */
		6826E6F22B332C8500C793F3 /* SDWebImageSwiftUI */ = {
			isa = XCSwiftPackageProductDependency;
			package = 6826E6F12B332C8500C793F3 /* XCRemoteSwiftPackageReference "SDWebImageSwiftUI" */;
			productName = SDWebImageSwiftUI;
		};
/* End XCSwiftPackageProductDependency section */
	};
	rootObject = 6826E6AF2B3328B200C793F3 /* Project object */;
}
